// !$*UTF8*$!
{
	archiveVersion = 1;
	classes = {
	};
	objectVersion = 46;
	objects = {

/* Begin PBXBuildFile section */
		7988856D18AFA4A300A4469B /* main.c in Sources */ = {isa = PBXBuildFile; fileRef = 7988856C18AFA4A300A4469B /* main.c */; };
		7988856F18AFA4A300A4469B /* CMinusCompiler.1 in CopyFiles */ = {isa = PBXBuildFile; fileRef = 7988856E18AFA4A300A4469B /* CMinusCompiler.1 */; };
		79C7DD1318B0ABC6007A7A39 /* scan.c in Sources */ = {isa = PBXBuildFile; fileRef = 79C7DD1218B0ABC6007A7A39 /* scan.c */; };
		79C7DD1618B0E6D2007A7A39 /* util.c in Sources */ = {isa = PBXBuildFile; fileRef = 79C7DD1518B0E6D2007A7A39 /* util.c */; };
		79CCF3A118B491CE00DB12ED /* parse.c in Sources */ = {isa = PBXBuildFile; fileRef = 79CCF3A018B491CE00DB12ED /* parse.c */; };
/* End PBXBuildFile section */

/* Begin PBXCopyFilesBuildPhase section */
		7988856718AFA4A300A4469B /* CopyFiles */ = {
			isa = PBXCopyFilesBuildPhase;
			buildActionMask = 2147483647;
			dstPath = /usr/share/man/man1/;
			dstSubfolderSpec = 0;
			files = (
				7988856F18AFA4A300A4469B /* CMinusCompiler.1 in CopyFiles */,
			);
			runOnlyForDeploymentPostprocessing = 1;
		};
/* End PBXCopyFilesBuildPhase section */

/* Begin PBXFileReference section */
		79206CA018B77296008D82A2 /* FirstSet */ = {isa = PBXFileReference; fileEncoding = 4; lastKnownFileType = text; path = FirstSet; sourceTree = "<group>"; };
		79206CA118B772A0008D82A2 /* FollowSet */ = {isa = PBXFileReference; fileEncoding = 4; lastKnownFileType = text; path = FollowSet; sourceTree = "<group>"; };
		79604A5818B21D450044D1F5 /* CMinusEBNF */ = {isa = PBXFileReference; lastKnownFileType = text; path = CMinusEBNF; sourceTree = "<group>"; };
		7988856918AFA4A300A4469B /* CMinusCompiler */ = {isa = PBXFileReference; explicitFileType = "compiled.mach-o.executable"; includeInIndex = 0; path = CMinusCompiler; sourceTree = BUILT_PRODUCTS_DIR; };
		7988856C18AFA4A300A4469B /* main.c */ = {isa = PBXFileReference; lastKnownFileType = sourcecode.c.c; path = main.c; sourceTree = "<group>"; };
		7988856E18AFA4A300A4469B /* CMinusCompiler.1 */ = {isa = PBXFileReference; lastKnownFileType = text.man; path = CMinusCompiler.1; sourceTree = "<group>"; };
		7988857518AFA4C300A4469B /* scan.h */ = {isa = PBXFileReference; fileEncoding = 4; lastKnownFileType = sourcecode.c.h; path = scan.h; sourceTree = "<group>"; };
		7988857618AFA4E500A4469B /* parse.h */ = {isa = PBXFileReference; fileEncoding = 4; lastKnownFileType = sourcecode.c.h; path = parse.h; sourceTree = "<group>"; };
		7988857718AFA51400A4469B /* globals.h */ = {isa = PBXFileReference; fileEncoding = 4; lastKnownFileType = sourcecode.c.h; path = globals.h; sourceTree = "<group>"; };
		79C7DD1218B0ABC6007A7A39 /* scan.c */ = {isa = PBXFileReference; fileEncoding = 4; lastKnownFileType = sourcecode.c.c; path = scan.c; sourceTree = "<group>"; };
		79C7DD1418B0E694007A7A39 /* util.h */ = {isa = PBXFileReference; fileEncoding = 4; lastKnownFileType = sourcecode.c.h; path = util.h; sourceTree = "<group>"; };
		79C7DD1518B0E6D2007A7A39 /* util.c */ = {isa = PBXFileReference; fileEncoding = 4; lastKnownFileType = sourcecode.c.c; path = util.c; sourceTree = "<group>"; };
		79C7DD1718B0EA25007A7A39 /* gcd.cm */ = {isa = PBXFileReference; lastKnownFileType = text; path = gcd.cm; sourceTree = "<group>"; };
		79CCF39F18B47E8200DB12ED /* sort.cm */ = {isa = PBXFileReference; fileEncoding = 4; lastKnownFileType = text; path = sort.cm; sourceTree = "<group>"; };
		79CCF3A018B491CE00DB12ED /* parse.c */ = {isa = PBXFileReference; fileEncoding = 4; lastKnownFileType = sourcecode.c.c; path = parse.c; sourceTree = "<group>"; };
/* End PBXFileReference section */

/* Begin PBXFrameworksBuildPhase section */
		7988856618AFA4A300A4469B /* Frameworks */ = {
			isa = PBXFrameworksBuildPhase;
			buildActionMask = 2147483647;
			files = (
			);
			runOnlyForDeploymentPostprocessing = 0;
		};
/* End PBXFrameworksBuildPhase section */

/* Begin PBXGroup section */
		7988856018AFA4A300A4469B = {
			isa = PBXGroup;
			children = (
				7988856B18AFA4A300A4469B /* CMinusCompiler */,
				7988856A18AFA4A300A4469B /* Products */,
			);
			sourceTree = "<group>";
		};
		7988856A18AFA4A300A4469B /* Products */ = {
			isa = PBXGroup;
			children = (
				7988856918AFA4A300A4469B /* CMinusCompiler */,
			);
			name = Products;
			sourceTree = "<group>";
		};
		7988856B18AFA4A300A4469B /* CMinusCompiler */ = {
			isa = PBXGroup;
			children = (
				79C7DD1818B0EAFD007A7A39 /* SupportingFiles */,
				7988856C18AFA4A300A4469B /* main.c */,
				7988857718AFA51400A4469B /* globals.h */,
				79C7DD1418B0E694007A7A39 /* util.h */,
				79C7DD1518B0E6D2007A7A39 /* util.c */,
				7988857518AFA4C300A4469B /* scan.h */,
				79C7DD1218B0ABC6007A7A39 /* scan.c */,
				7988857618AFA4E500A4469B /* parse.h */,
				79CCF3A018B491CE00DB12ED /* parse.c */,
			);
			path = CMinusCompiler;
			sourceTree = "<group>";
		};
		79C7DD1818B0EAFD007A7A39 /* SupportingFiles */ = {
			isa = PBXGroup;
			children = (
				79C7DD1718B0EA25007A7A39 /* gcd.cm */,
				79CCF39F18B47E8200DB12ED /* sort.cm */,
				79604A5818B21D450044D1F5 /* CMinusEBNF */,
				79206CA018B77296008D82A2 /* FirstSet */,
				79206CA118B772A0008D82A2 /* FollowSet */,
				7988856E18AFA4A300A4469B /* CMinusCompiler.1 */,
			);
			name = SupportingFiles;
			sourceTree = "<group>";
		};
/* End PBXGroup section */

/* Begin PBXNativeTarget section */
		7988856818AFA4A300A4469B /* CMinusCompiler */ = {
			isa = PBXNativeTarget;
			buildConfigurationList = 7988857218AFA4A300A4469B /* Build configuration list for PBXNativeTarget "CMinusCompiler" */;
			buildPhases = (
				7988856518AFA4A300A4469B /* Sources */,
				7988856618AFA4A300A4469B /* Frameworks */,
				7988856718AFA4A300A4469B /* CopyFiles */,
			);
			buildRules = (
			);
			dependencies = (
			);
			name = CMinusCompiler;
			productName = CMinusCompiler;
			productReference = 7988856918AFA4A300A4469B /* CMinusCompiler */;
			productType = "com.apple.product-type.tool";
		};
/* End PBXNativeTarget section */

/* Begin PBXProject section */
		7988856118AFA4A300A4469B /* Project object */ = {
			isa = PBXProject;
			attributes = {
				LastUpgradeCheck = 0500;
				ORGANIZATIONNAME = littlepretty;
			};
			buildConfigurationList = 7988856418AFA4A300A4469B /* Build configuration list for PBXProject "CMinusCompiler" */;
			compatibilityVersion = "Xcode 3.2";
			developmentRegion = English;
			hasScannedForEncodings = 0;
			knownRegions = (
				en,
			);
			mainGroup = 7988856018AFA4A300A4469B;
			productRefGroup = 7988856A18AFA4A300A4469B /* Products */;
			projectDirPath = "";
			projectRoot = "";
			targets = (
				7988856818AFA4A300A4469B /* CMinusCompiler */,
			);
		};
/* End PBXProject section */

/* Begin PBXSourcesBuildPhase section */
		7988856518AFA4A300A4469B /* Sources */ = {
			isa = PBXSourcesBuildPhase;
			buildActionMask = 2147483647;
			files = (
				79C7DD1318B0ABC6007A7A39 /* scan.c in Sources */,
				7988856D18AFA4A300A4469B /* main.c in Sources */,
				79C7DD1618B0E6D2007A7A39 /* util.c in Sources */,
				79CCF3A118B491CE00DB12ED /* parse.c in Sources */,
			);
			runOnlyForDeploymentPostprocessing = 0;
		};
/* End PBXSourcesBuildPhase section */

/* Begin XCBuildConfiguration section */
		7988857018AFA4A300A4469B /* Debug */ = {
			isa = XCBuildConfiguration;
			buildSettings = {
				ALWAYS_SEARCH_USER_PATHS = NO;
				CLANG_CXX_LANGUAGE_STANDARD = "gnu++0x";
				CLANG_CXX_LIBRARY = "libc++";
				CLANG_ENABLE_OBJC_ARC = YES;
				CLANG_WARN_BOOL_CONVERSION = YES;
				CLANG_WARN_CONSTANT_CONVERSION = YES;
				CLANG_WARN_DIRECT_OBJC_ISA_USAGE = YES_ERROR;
				CLANG_WARN_EMPTY_BODY = YES;
				CLANG_WARN_ENUM_CONVERSION = YES;
				CLANG_WARN_INT_CONVERSION = YES;
				CLANG_WARN_OBJC_ROOT_CLASS = YES_ERROR;
				CLANG_WARN__DUPLICATE_METHOD_MATCH = YES;
				COPY_PHASE_STRIP = NO;
				GCC_C_LANGUAGE_STANDARD = gnu99;
				GCC_DYNAMIC_NO_PIC = NO;
				GCC_ENABLE_OBJC_EXCEPTIONS = YES;
				GCC_OPTIMIZATION_LEVEL = 0;
				GCC_PREPROCESSOR_DEFINITIONS = (
					"DEBUG=1",
					"$(inherited)",
				);
				GCC_SYMBOLS_PRIVATE_EXTERN = NO;
				GCC_WARN_64_TO_32_BIT_CONVERSION = YES;
				GCC_WARN_ABOUT_RETURN_TYPE = YES_ERROR;
				GCC_WARN_UNDECLARED_SELECTOR = YES;
				GCC_WARN_UNINITIALIZED_AUTOS = YES;
				GCC_WARN_UNUSED_FUNCTION = YES;
				GCC_WARN_UNUSED_VARIABLE = YES;
				MACOSX_DEPLOYMENT_TARGET = 10.9;
				ONLY_ACTIVE_ARCH = YES;
				SDKROOT = macosx;
			};
			name = Debug;
		};
		7988857118AFA4A300A4469B /* Release */ = {
			isa = XCBuildConfiguration;
			buildSettings = {
				ALWAYS_SEARCH_USER_PATHS = NO;
				CLANG_CXX_LANGUAGE_STANDARD = "gnu++0x";
				CLANG_CXX_LIBRARY = "libc++";
				CLANG_ENABLE_OBJC_ARC = YES;
				CLANG_WARN_BOOL_CONVERSION = YES;
				CLANG_WARN_CONSTANT_CONVERSION = YES;
				CLANG_WARN_DIRECT_OBJC_ISA_USAGE = YES_ERROR;
				CLANG_WARN_EMPTY_BODY = YES;
				CLANG_WARN_ENUM_CONVERSION = YES;
				CLANG_WARN_INT_CONVERSION = YES;
				CLANG_WARN_OBJC_ROOT_CLASS = YES_ERROR;
				CLANG_WARN__DUPLICATE_METHOD_MATCH = YES;
				COPY_PHASE_STRIP = YES;
				DEBUG_INFORMATION_FORMAT = "dwarf-with-dsym";
				ENABLE_NS_ASSERTIONS = NO;
				GCC_C_LANGUAGE_STANDARD = gnu99;
				GCC_ENABLE_OBJC_EXCEPTIONS = YES;
				GCC_WARN_64_TO_32_BIT_CONVERSION = YES;
				GCC_WARN_ABOUT_RETURN_TYPE = YES_ERROR;
				GCC_WARN_UNDECLARED_SELECTOR = YES;
				GCC_WARN_UNINITIALIZED_AUTOS = YES;
				GCC_WARN_UNUSED_FUNCTION = YES;
				GCC_WARN_UNUSED_VARIABLE = YES;
				MACOSX_DEPLOYMENT_TARGET = 10.9;
				SDKROOT = macosx;
			};
			name = Release;
		};
		7988857318AFA4A300A4469B /* Debug */ = {
			isa = XCBuildConfiguration;
			buildSettings = {
				PRODUCT_NAME = "$(TARGET_NAME)";
			};
			name = Debug;
		};
		7988857418AFA4A300A4469B /* Release */ = {
			isa = XCBuildConfiguration;
			buildSettings = {
				PRODUCT_NAME = "$(TARGET_NAME)";
			};
			name = Release;
		};
/* End XCBuildConfiguration section */

/* Begin XCConfigurationList section */
		7988856418AFA4A300A4469B /* Build configuration list for PBXProject "CMinusCompiler" */ = {
			isa = XCConfigurationList;
			buildConfigurations = (
				7988857018AFA4A300A4469B /* Debug */,
				7988857118AFA4A300A4469B /* Release */,
			);
			defaultConfigurationIsVisible = 0;
			defaultConfigurationName = Release;
		};
		7988857218AFA4A300A4469B /* Build configuration list for PBXNativeTarget "CMinusCompiler" */ = {
			isa = XCConfigurationList;
			buildConfigurations = (
				7988857318AFA4A300A4469B /* Debug */,
				7988857418AFA4A300A4469B /* Release */,
			);
			defaultConfigurationIsVisible = 0;
			defaultConfigurationName = Release;
		};
/* End XCConfigurationList section */
	};
	rootObject = 7988856118AFA4A300A4469B /* Project object */;
}
